{
  "name": "scale-conversion",
  "version": "1.0.0",
  "lockfileVersion": 1,
  "requires": true,
  "dependencies": {
    "numeric-quantity": {
      "version": "0.5.1",
      "resolved": "https://registry.npmjs.org/numeric-quantity/-/numeric-quantity-0.5.1.tgz",
      "integrity": "sha512-qJPl3n55iJMr+ndod78wT1+OfCsMhfWpF5Ss2aIR6zt3fkCS4uqryL+BvhBsqVOOx+neqw3prJgUBFnfaxSG4Q=="
    }
  }
}
